
Microsoft Visual Studio Solution File, Format Version 12.00
# Visual Studio Version 17
VisualStudioVersion = 17.8.34330.188
MinimumVisualStudioVersion = 10.0.40219.1
Project("{FAE04EC0-301F-11D3-BF4B-00C04F79EFBC}") = "TaskManager", "TaskManager\TaskManager.csproj", "{809570F4-B3EF-4CAF-BB0F-0E4A1DAE002E}"
EndProject
Global
	GlobalSection(SolutionConfigurationPlatforms) = preSolution
		Debug|Any CPU = Debug|Any CPU
		Release|Any CPU = Release|Any CPU
	EndGlobalSection
	GlobalSection(ProjectConfigurationPlatforms) = postSolution
		{809570F4-B3EF-4CAF-BB0F-0E4A1DAE002E}.Debug|Any CPU.ActiveCfg = Debug|Any CPU
		{809570F4-B3EF-4CAF-BB0F-0E4A1DAE002E}.Debug|Any CPU.Build.0 = Debug|Any CPU
		{809570F4-B3EF-4CAF-BB0F-0E4A1DAE002E}.Release|Any CPU.ActiveCfg = Release|Any CPU
		{809570F4-B3EF-4CAF-BB0F-0E4A1DAE002E}.Release|Any CPU.Build.0 = Release|Any CPU
	EndGlobalSection
	GlobalSection(SolutionProperties) = preSolution
		HideSolutionNode = FALSE
	EndGlobalSection
	GlobalSection(ExtensibilityGlobals) = postSolution
		SolutionGuid = {70D7DC93-8837-40C2-A6F4-98CAED14652E}
	EndGlobalSection
EndGlobal
